
Microsoft Visual Studio Solution File, Format Version 12.00
# Visual Studio Version 16
VisualStudioVersion = 25.0.1700.0
MinimumVisualStudioVersion = 10.0.40219.1
Project("{FAE04EC0-301F-11D3-BF4B-00C04F79EFBC}") = "Testing1234.Android", "Testing1234\Testing1234.Android\Testing1234.Android.csproj", "{ADE3A25D-1414-446A-99F4-6CBDE504B24D}"
EndProject
Project("{FAE04EC0-301F-11D3-BF4B-00C04F79EFBC}") = "Testing1234.iOS", "Testing1234\Testing1234.iOS\Testing1234.iOS.csproj", "{A237FAA6-A502-4D1F-962D-DC64466CCB4E}"
EndProject
Project("{FAE04EC0-301F-11D3-BF4B-00C04F79EFBC}") = "Testing1234", "Testing1234\Testing1234\Testing1234.csproj", "{98974732-457A-4C41-9738-382E7983F6FB}"
EndProject
Global
	GlobalSection(SolutionConfigurationPlatforms) = preSolution
		Debug|Any CPU = Debug|Any CPU
		Release|Any CPU = Release|Any CPU
		Debug|iPhoneSimulator = Debug|iPhoneSimulator
		Release|iPhoneSimulator = Release|iPhoneSimulator
		Debug|iPhone = Debug|iPhone
		Release|iPhone = Release|iPhone
	EndGlobalSection
	GlobalSection(ProjectConfigurationPlatforms) = postSolution
		{ADE3A25D-1414-446A-99F4-6CBDE504B24D}.Debug|Any CPU.ActiveCfg = Debug|Any CPU
		{ADE3A25D-1414-446A-99F4-6CBDE504B24D}.Debug|Any CPU.Build.0 = Debug|Any CPU
		{ADE3A25D-1414-446A-99F4-6CBDE504B24D}.Release|Any CPU.ActiveCfg = Release|Any CPU
		{ADE3A25D-1414-446A-99F4-6CBDE504B24D}.Release|Any CPU.Build.0 = Release|Any CPU
		{ADE3A25D-1414-446A-99F4-6CBDE504B24D}.Debug|iPhoneSimulator.ActiveCfg = Debug|Any CPU
		{ADE3A25D-1414-446A-99F4-6CBDE504B24D}.Debug|iPhoneSimulator.Build.0 = Debug|Any CPU
		{ADE3A25D-1414-446A-99F4-6CBDE504B24D}.Release|iPhoneSimulator.ActiveCfg = Release|Any CPU
		{ADE3A25D-1414-446A-99F4-6CBDE504B24D}.Release|iPhoneSimulator.Build.0 = Release|Any CPU
		{ADE3A25D-1414-446A-99F4-6CBDE504B24D}.Debug|iPhone.ActiveCfg = Debug|Any CPU
		{ADE3A25D-1414-446A-99F4-6CBDE504B24D}.Debug|iPhone.Build.0 = Debug|Any CPU
		{ADE3A25D-1414-446A-99F4-6CBDE504B24D}.Release|iPhone.ActiveCfg = Release|Any CPU
		{ADE3A25D-1414-446A-99F4-6CBDE504B24D}.Release|iPhone.Build.0 = Release|Any CPU
		{A237FAA6-A502-4D1F-962D-DC64466CCB4E}.Debug|Any CPU.ActiveCfg = Debug|iPhoneSimulator
		{A237FAA6-A502-4D1F-962D-DC64466CCB4E}.Debug|Any CPU.Build.0 = Debug|iPhoneSimulator
		{A237FAA6-A502-4D1F-962D-DC64466CCB4E}.Release|Any CPU.ActiveCfg = Release|iPhoneSimulator
		{A237FAA6-A502-4D1F-962D-DC64466CCB4E}.Release|Any CPU.Build.0 = Release|iPhoneSimulator
		{A237FAA6-A502-4D1F-962D-DC64466CCB4E}.Debug|iPhoneSimulator.ActiveCfg = Debug|iPhoneSimulator
		{A237FAA6-A502-4D1F-962D-DC64466CCB4E}.Debug|iPhoneSimulator.Build.0 = Debug|iPhoneSimulator
		{A237FAA6-A502-4D1F-962D-DC64466CCB4E}.Release|iPhoneSimulator.ActiveCfg = Release|iPhoneSimulator
		{A237FAA6-A502-4D1F-962D-DC64466CCB4E}.Release|iPhoneSimulator.Build.0 = Release|iPhoneSimulator
		{A237FAA6-A502-4D1F-962D-DC64466CCB4E}.Debug|iPhone.ActiveCfg = Debug|iPhone
		{A237FAA6-A502-4D1F-962D-DC64466CCB4E}.Debug|iPhone.Build.0 = Debug|iPhone
		{A237FAA6-A502-4D1F-962D-DC64466CCB4E}.Release|iPhone.ActiveCfg = Release|iPhone
		{A237FAA6-A502-4D1F-962D-DC64466CCB4E}.Release|iPhone.Build.0 = Release|iPhone
		{98974732-457A-4C41-9738-382E7983F6FB}.Debug|Any CPU.ActiveCfg = Debug|Any CPU
		{98974732-457A-4C41-9738-382E7983F6FB}.Debug|Any CPU.Build.0 = Debug|Any CPU
		{98974732-457A-4C41-9738-382E7983F6FB}.Release|Any CPU.ActiveCfg = Release|Any CPU
		{98974732-457A-4C41-9738-382E7983F6FB}.Release|Any CPU.Build.0 = Release|Any CPU
		{98974732-457A-4C41-9738-382E7983F6FB}.Debug|iPhoneSimulator.ActiveCfg = Debug|Any CPU
		{98974732-457A-4C41-9738-382E7983F6FB}.Debug|iPhoneSimulator.Build.0 = Debug|Any CPU
		{98974732-457A-4C41-9738-382E7983F6FB}.Release|iPhoneSimulator.ActiveCfg = Release|Any CPU
		{98974732-457A-4C41-9738-382E7983F6FB}.Release|iPhoneSimulator.Build.0 = Release|Any CPU
		{98974732-457A-4C41-9738-382E7983F6FB}.Debug|iPhone.ActiveCfg = Debug|Any CPU
		{98974732-457A-4C41-9738-382E7983F6FB}.Debug|iPhone.Build.0 = Debug|Any CPU
		{98974732-457A-4C41-9738-382E7983F6FB}.Release|iPhone.ActiveCfg = Release|Any CPU
		{98974732-457A-4C41-9738-382E7983F6FB}.Release|iPhone.Build.0 = Release|Any CPU
	EndGlobalSection
	GlobalSection(SolutionProperties) = preSolution
		HideSolutionNode = FALSE
	EndGlobalSection
	GlobalSection(ExtensibilityGlobals) = postSolution
		SolutionGuid = {1AFD0664-6F29-4811-944F-6626F3B7B250}
	EndGlobalSection
EndGlobal
